{
  "lockfileVersion": 1,
  "configVersion": 1,
  "workspaces": {
    "": {
      "name": "tanstack_start_ts",
      "dependencies": {
        "@supabase/supabase-js": "^2.110.8",
        "date-fns": "^4.4.0",
        "lucide-react": "^1.25.0",
        "react": "^19.2.7",
        "react-dom": "^19.2.7",
        "recharts": "^3.10.0",
      },
      "devDependencies": {
        "@types/node": "^24.13.2",
        "@types/react": "^19.2.17",
        "@types/react-dom": "^19.2.3",
        "@vitejs/plugin-react": "^6.0.3",
        "oxlint": "^1.71.0",
        "typescript": "~6.0.2",
        "vite": "^8.1.1",
      },
    },
  },
  "packages": {
    "@emnapi/core": ["@emnapi/core@2.0.0-alpha.3", "https://europe-west4-npm.pkg.dev/lovable-core-prod/sandbox-npm-cache/@emnapi/core/-/core-2.0.0-alpha.3.tgz", { "dependencies": { "@emnapi/wasi-threads": "2.0.1", "tslib": "^2.4.0" } }, "sha512-AZypUeJ/yByuxyS7BlSNRDOMLMlROYtjYdIAuBmJssVz1UJDSeYxLrdizhXCFYhedC5bqd/ASy8EuNXbVVXp9g=="],

    "@emnapi/runtime": ["@emnapi/runtime@2.0.0-alpha.3", "https://europe-west4-npm.pkg.dev/lovable-core-prod/sandbox-npm-cache/@emnapi/runtime/-/runtime-2.0.0-alpha.3.tgz", { "dependencies": { "tslib": "^2.4.0" } }, "sha512-hFPAhMUjJD9BSyCANEISPOogeXC9Zo9ZQl7L6vKnaVsMkCtzznaW/naYypeyl0Gv5rYfWYsZbpixTMpjDJzQeA=="],

    "@emnapi/wasi-threads": ["@emnapi/wasi-threads@2.0.1", "https://europe-west4-npm.pkg.dev/lovable-core-prod/sandbox-npm-cache/@emnapi/wasi-threads/-/wasi-threads-2.0.1.tgz", { "dependencies": { "tslib": "^2.4.0" } }, "sha512-9DsSk+o5NBX0CCJT8s0EROGSGxjR/tKu6aBTaVyq+SjAEQH4XcdcRxPBRzsBLizTTJ49MJjF+jgu3qnO9GLQcQ=="],

    "@napi-rs/wasm-runtime": ["@napi-rs/wasm-runtime@1.2.1", "https://europe-west4-npm.pkg.dev/lovable-core-prod/sandbox-npm-cache/@napi-rs/wasm-runtime/-/wasm-runtime-1.2.1.tgz", { "dependencies": { "@tybys/wasm-util": "^0.10.3" }, "peerDependencies": { "@emnapi/core": "^1.7.1 || ^2.0.0-alpha.3", "@emnapi/runtime": "^1.7.1 || ^2.0.0-alpha.3" } }, "sha512-KjZdi8Q1wh89gsVmghvbrMgWl6ZWmRmHV6wjB7/g4Zf0dyO+hH3neZUtuDNPO00qq5YE5RITVWvrIZKRaAmzGQ=="],

    "@oxc-project/types": ["@oxc-project/types@0.142.0", "https://europe-west4-npm.pkg.dev/lovable-core-prod/sandbox-npm-cache/@oxc-project/types/-/types-0.142.0.tgz", {}, "sha512-7W+2q5AKQVU36fkaryontrHn3YDt1RyUYXatw9i5H8ocYe2sPKSFB6eS8WNPeRKiN1qAWWZUPm7gwFzJGrccqQ=="],

    "@oxlint/binding-android-arm-eabi": ["@oxlint/binding-android-arm-eabi@1.76.0", "https://europe-west4-npm.pkg.dev/lovable-core-prod/sandbox-npm-cache/@oxlint/binding-android-arm-eabi/-/binding-android-arm-eabi-1.76.0.tgz", { "os": "android", "cpu": "arm" }, "sha512-ZHIE5Zt9AsPDcY4nOlofXt0YfneEeo+QrKMPcPzLf2Z6Q8VtV2W73d7SFJ920WUwyik783u/doKCs3KXdwG+7w=="],

    "@oxlint/binding-android-arm64": ["@oxlint/binding-android-arm64@1.76.0", "https://europe-west4-npm.pkg.dev/lovable-core-prod/sandbox-npm-cache/@oxlint/binding-android-arm64/-/binding-android-arm64-1.76.0.tgz", { "os": "android", "cpu": "arm64" }, "sha512-shm/ngQilHK6bs+ElJWa4oHfNj5vL1Gl/iVEJldTQjpr0/67oSgr0KUpbmcnLig5Fo0v/l6j2567A7TOL89ONA=="],

    "@oxlint/binding-darwin-arm64": ["@oxlint/binding-darwin-arm64@1.76.0", "https://europe-west4-npm.pkg.dev/lovable-core-prod/sandbox-npm-cache/@oxlint/binding-darwin-arm64/-/binding-darwin-arm64-1.76.0.tgz", { "os": "darwin", "cpu": "arm64" }, "sha512-rvJmrAPKSQ9aWJ6wIS6CK2tJjwzfW0ApQH9qokq6sfDvmHwoyIHxHFMq7z7i7GiV6fdE6s8qvBqWKPTu8RmT6Q=="],

    "@oxlint/binding-darwin-x64": ["@oxlint/binding-darwin-x64@1.76.0", "https://europe-west4-npm.pkg.dev/lovable-core-prod/sandbox-npm-cache/@oxlint/binding-darwin-x64/-/binding-darwin-x64-1.76.0.tgz", { "os": "darwin", "cpu": "x64" }, "sha512-U/zYdb7VYKGY6pA9Vd2rYl9O/HlCylcOlb5PGPvVLtg+oLGsk6H3XGKEMHKyqD3nmmtmlmwb/8SwU2vfSAtvMw=="],

    "@oxlint/binding-freebsd-x64": ["@oxlint/binding-freebsd-x64@1.76.0", "https://europe-west4-npm.pkg.dev/lovable-core-prod/sandbox-npm-cache/@oxlint/binding-freebsd-x64/-/binding-freebsd-x64-1.76.0.tgz", { "os": "freebsd", "cpu": "x64" }, "sha512-WvKG9CAriuo0XNiFzpXjDngUZcRGFNpaK2kLyMUsnJlShxkT96u+BpJQ3KqdQwGOrvI14L6V8bAwXwAYNNY6Jg=="],

    "@oxlint/binding-linux-arm-gnueabihf": ["@oxlint/binding-linux-arm-gnueabihf@1.76.0", "https://europe-west4-npm.pkg.dev/lovable-core-prod/sandbox-npm-cache/@oxlint/binding-linux-arm-gnueabihf/-/binding-linux-arm-gnueabihf-1.76.0.tgz", { "os": "linux", "cpu": "arm" }, "sha512-qJ5+RH99TqFRq3UCDxkW0zJJu9c+OAHFY72vGlxZLEpuO+MpKo3POgqb8sYipL9KYm8XY6ofb0HsOuvY6hQNqQ=="],

    "@oxlint/binding-linux-arm-musleabihf": ["@oxlint/binding-linux-arm-musleabihf@1.76.0", "https://europe-west4-npm.pkg.dev/lovable-core-prod/sandbox-npm-cache/@oxlint/binding-linux-arm-musleabihf/-/binding-linux-arm-musleabihf-1.76.0.tgz", { "os": "linux", "cpu": "arm" }, "sha512-PvPCVptkgVARsucgIqFQQcSmJ6xc6GtnVB5bRBekRahTc9eObMtjHfMjy5M+C2tHt5UCMttWM9RuSk/H9NqYeg=="],

    "@oxlint/binding-linux-arm64-gnu": ["@oxlint/binding-linux-arm64-gnu@1.76.0", "https://europe-west4-npm.pkg.dev/lovable-core-prod/sandbox-npm-cache/@oxlint/binding-linux-arm64-gnu/-/binding-linux-arm64-gnu-1.76.0.tgz", { "os": "linux", "cpu": "arm64" }, "sha512-3KeFDx8Bu4HPAXbuHZOr/oHvN+QT+JQhMw/NYPz7Z071xLSsG27Jfh9PIQVEY7hk1I+jr43ExqRIeJ6VKk2yLw=="],

    "@oxlint/binding-linux-arm64-musl": ["@oxlint/binding-linux-arm64-musl@1.76.0", "https://europe-west4-npm.pkg.dev/lovable-core-prod/sandbox-npm-cache/@oxlint/binding-linux-arm64-musl/-/binding-linux-arm64-musl-1.76.0.tgz", { "os": "linux", "cpu": "arm64" }, "sha512-oPFkkKTgl0K/EIg9fQ8oA3IGcI05/Mq1en04iFa41mmNPT+6KEiByVazTOZZJiHMBBrbsns1YJ2e1Scqwzesjw=="],

    "@oxlint/binding-linux-ppc64-gnu": ["@oxlint/binding-linux-ppc64-gnu@1.76.0", "https://europe-west4-npm.pkg.dev/lovable-core-prod/sandbox-npm-cache/@oxlint/binding-linux-ppc64-gnu/-/binding-linux-ppc64-gnu-1.76.0.tgz", { "os": "linux", "cpu": "ppc64" }, "sha512-gN7yZ0eqflA5Fhf1wvHxGUltIV3FsvmB1zhNMDEK9vSHhc7E6qg9CuPeBgPZab66Tjzq6w6kHAtNEvnTHf4cyw=="],

    "@oxlint/binding-linux-riscv64-gnu": ["@oxlint/binding-linux-riscv64-gnu@1.76.0", "https://europe-west4-npm.pkg.dev/lovable-core-prod/sandbox-npm-cache/@oxlint/binding-linux-riscv64-gnu/-/binding-linux-riscv64-gnu-1.76.0.tgz", { "os": "linux", "cpu": "none" }, "sha512-S/HqMbn22mQrjtErUxEoS/a55u8kIeXvreIxiJu5G7Le3UecEd6SQZxrDIpuhtgaFnsY/nVra3ytP+pRljDilA=="],

    "@oxlint/binding-linux-riscv64-musl": ["@oxlint/binding-linux-riscv64-musl@1.76.0", "https://europe-west4-npm.pkg.dev/lovable-core-prod/sandbox-npm-cache/@oxlint/binding-linux-riscv64-musl/-/binding-linux-riscv64-musl-1.76.0.tgz", { "os": "linux", "cpu": "none" }, "sha512-ZIga3097VJZolGZk6SrIAUokIGfRkxRlhiHDUznZptGBfwrhD7pNfD1rzEzsCwvk/1DX0A1bLz+liuNh5QKIVQ=="],

    "@oxlint/binding-linux-s390x-gnu": ["@oxlint/binding-linux-s390x-gnu@1.76.0", "https://europe-west4-npm.pkg.dev/lovable-core-prod/sandbox-npm-cache/@oxlint/binding-linux-s390x-gnu/-/binding-linux-s390x-gnu-1.76.0.tgz", { "os": "linux", "cpu": "s390x" }, "sha512-ZGiiA7pFzMJSyMWYZTVlPgbTsx+Vl8ihLGMIujPwaslUF7kIPPWAbVmAlTc+9lWDV+DCiB8Ikixu+lSHeOIIWQ=="],

    "@oxlint/binding-linux-x64-gnu": ["@oxlint/binding-linux-x64-gnu@1.76.0", "https://europe-west4-npm.pkg.dev/lovable-core-prod/sandbox-npm-cache/@oxlint/binding-linux-x64-gnu/-/binding-linux-x64-gnu-1.76.0.tgz", { "os": "linux", "cpu": "x64" }, "sha512-JLiy5WuvEBFTT6ErIFV35SLzi0R7Iri6MKU6dZbTxfIx8pndbbPs3Mj780nMipBFcPkti+okAPOJ9POKkHFEgg=="],

    "@oxlint/binding-linux-x64-musl": ["@oxlint/binding-linux-x64-musl@1.76.0", "https://europe-west4-npm.pkg.dev/lovable-core-prod/sandbox-npm-cache/@oxlint/binding-linux-x64-musl/-/binding-linux-x64-musl-1.76.0.tgz", { "os": "linux", "cpu": "x64" }, "sha512-z7lgKQtbo/I1NIe8G5NHLesxJDv0tRSUWTpXKb9Pm3E9nKFKfO4IOSDtFroKgXtOYb0jQbcdH+0wzTyMXVes+A=="],

    "@oxlint/binding-openharmony-arm64": ["@oxlint/binding-openharmony-arm64@1.76.0", "https://europe-west4-npm.pkg.dev/lovable-core-prod/sandbox-npm-cache/@oxlint/binding-openharmony-arm64/-/binding-openharmony-arm64-1.76.0.tgz", { "os": "none", "cpu": "arm64" }, "sha512-JOjKymIpb9QcYfEhZsN6h4V9Ivd474W38cNIBRv6bg2TbIvogbMTH0Mg6YWW9TiRDqfcX+/Hyfsbo5vcSE5guQ=="],

    "@oxlint/binding-win32-arm64-msvc": ["@oxlint/binding-win32-arm64-msvc@1.76.0", "https://europe-west4-npm.pkg.dev/lovable-core-prod/sandbox-npm-cache/@oxlint/binding-win32-arm64-msvc/-/binding-win32-arm64-msvc-1.76.0.tgz", { "os": "win32", "cpu": "arm64" }, "sha512-pqDWZiwcmByWUEm1NFUBNiT6aentCcaoMWJv0HbXEmuYermJ4sg8ppVrshubYP2MZ6SHccJJcpr6x469PuDFIw=="],

    "@oxlint/binding-win32-ia32-msvc": ["@oxlint/binding-win32-ia32-msvc@1.76.0", "https://europe-west4-npm.pkg.dev/lovable-core-prod/sandbox-npm-cache/@oxlint/binding-win32-ia32-msvc/-/binding-win32-ia32-msvc-1.76.0.tgz", { "os": "win32", "cpu": "ia32" }, "sha512-Ba0O659kgMv6pwO3z9PdO+K3aMxQRaw9HnG+e6AtOfgwcKFvYilciQYBoUBmxfQvOCKZe1SwjMkuB542NkuDMQ=="],

    "@oxlint/binding-win32-x64-msvc": ["@oxlint/binding-win32-x64-msvc@1.76.0", "https://europe-west4-npm.pkg.dev/lovable-core-prod/sandbox-npm-cache/@oxlint/binding-win32-x64-msvc/-/binding-win32-x64-msvc-1.76.0.tgz", { "os": "win32", "cpu": "x64" }, "sha512-5qcirPHO8nKfkoowEVWtpAoVTcYDy6g0UT0NGic450Qv8J2NrOqg4uQ8QppRP4MDTC7Xx47lbZnmadTH03CGGA=="],

    "@reduxjs/toolkit": ["@reduxjs/toolkit@2.12.0", "https://europe-west4-npm.pkg.dev/lovable-core-prod/sandbox-npm-cache/@reduxjs/toolkit/-/toolkit-2.12.0.tgz", { "dependencies": { "@standard-schema/spec": "^1.0.0", "@standard-schema/utils": "^0.3.0", "immer": "^11.0.0", "redux": "^5.0.1", "redux-thunk": "^3.1.0", "reselect": "^5.1.0" }, "peerDependencies": { "react": "^16.9.0 || ^17.0.0 || ^18 || ^19", "react-redux": "^7.2.1 || ^8.1.3 || ^9.0.0" }, "optionalPeers": ["react", "react-redux"] }, "sha512-KiT+RzZbp6mQET+Mg+h2c97+9j1sNflUxQkIHI7Yuzf6Peu+OYpmkn6nbHWmLLWj+1ZODUJFwGZ7gx3L9R9EOw=="],

    "@rolldown/binding-android-arm64": ["@rolldown/binding-android-arm64@1.2.1", "https://europe-west4-npm.pkg.dev/lovable-core-prod/sandbox-npm-cache/@rolldown/binding-android-arm64/-/binding-android-arm64-1.2.1.tgz", { "os": "android", "cpu": "arm64" }, "sha512-02hOeOSryYxVrOIphmLAsqnCJWxwlzFk+pEt/N/i6OgT3lShHO7xGCU5cpgchRDHboAEbSjzgGh+O/u1GswQmA=="],

    "@rolldown/binding-darwin-arm64": ["@rolldown/binding-darwin-arm64@1.2.1", "https://europe-west4-npm.pkg.dev/lovable-core-prod/sandbox-npm-cache/@rolldown/binding-darwin-arm64/-/binding-darwin-arm64-1.2.1.tgz", { "os": "darwin", "cpu": "arm64" }, "sha512-fMsTOnN0OjFm3CyppWPitKnc8UlliVARUULW6cfU6AIqjdtgmSFWSk9vecHzZduv/yMWIHDlRhM1e8Iff9uAfA=="],

    "@rolldown/binding-darwin-x64": ["@rolldown/binding-darwin-x64@1.2.1", "https://europe-west4-npm.pkg.dev/lovable-core-prod/sandbox-npm-cache/@rolldown/binding-darwin-x64/-/binding-darwin-x64-1.2.1.tgz", { "os": "darwin", "cpu": "x64" }, "sha512-1wjKdz/XLGKHaTNHjQveQ/B23TKx4ItAqm1JbyVuvNPc4Ze0Fb48s49TAd/2zcplPl8okE/UbTgmlVfwT7eFeQ=="],

    "@rolldown/binding-freebsd-x64": ["@rolldown/binding-freebsd-x64@1.2.1", "https://europe-west4-npm.pkg.dev/lovable-core-prod/sandbox-npm-cache/@rolldown/binding-freebsd-x64/-/binding-freebsd-x64-1.2.1.tgz", { "os": "freebsd", "cpu": "x64" }, "sha512-Fa0jHR07E7YBN4vOEsbVf2briYNsuOowfLJaXULZM0ldMlaCaj2LJgLMbMe4iacRyZmvR8efFhgR9wKuGclQUg=="],

    "@rolldown/binding-linux-arm-gnueabihf": ["@rolldown/binding-linux-arm-gnueabihf@1.2.1", "https://europe-west4-npm.pkg.dev/lovable-core-prod/sandbox-npm-cache/@rolldown/binding-linux-arm-gnueabihf/-/binding-linux-arm-gnueabihf-1.2.1.tgz", { "os": "linux", "cpu": "arm" }, "sha512-pzkgu1SSHGgRRyRZ4fbmSgmajbVt+epaLP99NDjFft69v/ypfTi6swBMiVdh2EkQ0OSnHE1lZDM7DRGkyAzUpA=="],

    "@rolldown/binding-linux-arm64-gnu": ["@rolldown/binding-linux-arm64-gnu@1.2.1", "https://europe-west4-npm.pkg.dev/lovable-core-prod/sandbox-npm-cache/@rolldown/binding-linux-arm64-gnu/-/binding-linux-arm64-gnu-1.2.1.tgz", { "os": "linux", "cpu": "arm64" }, "sha512-QI5SEDY8cbiYWHx0VO4vIc3UlS6a32vXHjU8Qy/17adEmZIPuByJg13UEvo9c/UCiUkdcVWY83C+b+JrwnNyUg=="],

    "@rolldown/binding-linux-arm64-musl": ["@rolldown/binding-linux-arm64-musl@1.2.1", "https://europe-west4-npm.pkg.dev/lovable-core-prod/sandbox-npm-cache/@rolldown/binding-linux-arm64-musl/-/binding-linux-arm64-musl-1.2.1.tgz", { "os": "linux", "cpu": "arm64" }, "sha512-Sm41FyCeXqmYcERoYOCbGIL5hNfd8w9LQ7Y61Bev48HkcjaJqV/iiVOaiDxjVTRMS+QKrZmD8cfPt4uMVnvM+A=="],

    "@rolldown/binding-linux-ppc64-gnu": ["@rolldown/binding-linux-ppc64-gnu@1.2.1", "https://europe-west4-npm.pkg.dev/lovable-core-prod/sandbox-npm-cache/@rolldown/binding-linux-ppc64-gnu/-/binding-linux-ppc64-gnu-1.2.1.tgz", { "os": "linux", "cpu": "ppc64" }, "sha512-2x+WhXTGl9yJYPbltW/BSEPTVz9OIWQyER4N+gJEDWkkn904eRcBzELqh/Hf7K0w/ubGbKNMv0ZC+94QK/IFEg=="],

    "@rolldown/binding-linux-s390x-gnu": ["@rolldown/binding-linux-s390x-gnu@1.2.1", "https://europe-west4-npm.pkg.dev/lovable-core-prod/sandbox-npm-cache/@rolldown/binding-linux-s390x-gnu/-/binding-linux-s390x-gnu-1.2.1.tgz", { "os": "linux", "cpu": "s390x" }, "sha512-eEjmQpuRQayHPWWnywaWHkFT3ToPbP3RYy42VVd/B9aBGDA+Ol25EIWHxKQST3IiWJjikCWUF7KtbfqwZrzVwQ=="],

    "@rolldown/binding-linux-x64-gnu": ["@rolldown/binding-linux-x64-gnu@1.2.1", "https://europe-west4-npm.pkg.dev/lovable-core-prod/sandbox-npm-cache/@rolldown/binding-linux-x64-gnu/-/binding-linux-x64-gnu-1.2.1.tgz", { "os": "linux", "cpu": "x64" }, "sha512-/Orga1fZYkLc/56jBICcHrKchl8Z2UKdDSr3LG9ToWO1lQ6a4Livk9Xz+9WN91zsz5QR3XQz2NNoSDEvP6qadw=="],

    "@rolldown/binding-linux-x64-musl": ["@rolldown/binding-linux-x64-musl@1.2.1", "https://europe-west4-npm.pkg.dev/lovable-core-prod/sandbox-npm-cache/@rolldown/binding-linux-x64-musl/-/binding-linux-x64-musl-1.2.1.tgz", { "os": "linux", "cpu": "x64" }, "sha512-xxBJRL+0q0Kce7orznGWLuylHDY65vuARXZRpX+hPdv+DqK2c3NlCsVA98tlWzWNEE7yPqA/1NQ5nnCrj49Y5A=="],

    "@rolldown/binding-openharmony-arm64": ["@rolldown/binding-openharmony-arm64@1.2.1", "https://europe-west4-npm.pkg.dev/lovable-core-prod/sandbox-npm-cache/@rolldown/binding-openharmony-arm64/-/binding-openharmony-arm64-1.2.1.tgz", { "os": "none", "cpu": "arm64" }, "sha512-M6AdXIXw3s+/8XpKMzdGDEXGS1S7kwUsy+rcTIUIOx5Ge4nXKCtAFHFV9YKkXvGcC5WMoTjAteLzlsQROVI0Yw=="],

    "@rolldown/binding-wasm32-wasi": ["@rolldown/binding-wasm32-wasi@1.2.1", "https://europe-west4-npm.pkg.dev/lovable-core-prod/sandbox-npm-cache/@rolldown/binding-wasm32-wasi/-/binding-wasm32-wasi-1.2.1.tgz", { "dependencies": { "@emnapi/core": "2.0.0-alpha.3", "@emnapi/runtime": "2.0.0-alpha.3", "@napi-rs/wasm-runtime": "^1.2.0" } }, "sha512-/TX0SoRGojHzSAHpfVBbavRVSazg5U3h3Y3VXfcc0cdugq6kxdqw8LPGFiPr+/7gE/60zRcsOY2Vi9b9eT0jww=="],

    "@rolldown/binding-win32-arm64-msvc": ["@rolldown/binding-win32-arm64-msvc@1.2.1", "https://europe-west4-npm.pkg.dev/lovable-core-prod/sandbox-npm-cache/@rolldown/binding-win32-arm64-msvc/-/binding-win32-arm64-msvc-1.2.1.tgz", { "os": "win32", "cpu": "arm64" }, "sha512-EvRrivJieyHG+AO9lleZWgq+g0+S7oV2C51yuqlcyU/R9net+sI4Pj0F+lUoP2bEr6TWX3SqFaaS0SzfLxSzkw=="],

    "@rolldown/binding-win32-x64-msvc": ["@rolldown/binding-win32-x64-msvc@1.2.1", "https://europe-west4-npm.pkg.dev/lovable-core-prod/sandbox-npm-cache/@rolldown/binding-win32-x64-msvc/-/binding-win32-x64-msvc-1.2.1.tgz", { "os": "win32", "cpu": "x64" }, "sha512-Z4eCmn5QJ/5+azF9knpLWKfVd9aidn0mAe9TpJgvBLId9Ax3t0+JVxBmT25Bv7NBbVW1TZyKjQjQReouMeH5UQ=="],

    "@rolldown/pluginutils": ["@rolldown/pluginutils@1.0.1", "", {}, "sha512-2j9bGt5Jh8hj+vPtgzPtl72j0yRxHAyumoo6TNfAjsLB04UtpSvPbPcDcBMxz7n+9CYB0c1GxQFxYRg2jimqGw=="],

    "@standard-schema/spec": ["@standard-schema/spec@1.1.0", "https://europe-west4-npm.pkg.dev/lovable-core-prod/sandbox-npm-cache/@standard-schema/spec/-/spec-1.1.0.tgz", {}, "sha512-l2aFy5jALhniG5HgqrD6jXLi/rUWrKvqN/qJx6yoJsgKhblVd+iqqU4RCXavm/jPityDo5TCvKMnpjKnOriy0w=="],

    "@standard-schema/utils": ["@standard-schema/utils@0.3.0", "", {}, "sha512-e7Mew686owMaPJVNNLs55PUvgz371nKgwsc4vxE49zsODpJEnxgxRo2y/OKrqueavXgZNMDVj3DdHFlaSAeU8g=="],

    "@supabase/auth-js": ["@supabase/auth-js@2.111.0", "https://europe-west4-npm.pkg.dev/lovable-core-prod/sandbox-npm-cache/@supabase/auth-js/-/auth-js-2.111.0.tgz", { "dependencies": { "tslib": "2.8.1" } }, "sha512-hbRLgyQZEX0SDyF4LYXpv94qOIQyFATfpT5SIs2V0SisHnisVRkYgiPQWzv80l4S2mO3qof78rmoH9j5zoFsYQ=="],

    "@supabase/functions-js": ["@supabase/functions-js@2.111.0", "https://europe-west4-npm.pkg.dev/lovable-core-prod/sandbox-npm-cache/@supabase/functions-js/-/functions-js-2.111.0.tgz", { "dependencies": { "tslib": "2.8.1" } }, "sha512-RW/OCsd6MO592zU8ifzP8/f8XzxxIdpb+Up5XaOtE26Fw+3zTp475WX7+GuuktiD1WF8pFUDe6khUPbMp77RCw=="],

    "@supabase/phoenix": ["@supabase/phoenix@0.4.5", "https://europe-west4-npm.pkg.dev/lovable-core-prod/sandbox-npm-cache/@supabase/phoenix/-/phoenix-0.4.5.tgz", {}, "sha512-aAn9H9ovVyeApKy11OWOrrOGq8DV68yWeH4ud2lN9fzn4aO8Zb5GLL9m1pUg9nLqIcT+ZDfAcsZe0E/nqdv2lw=="],

    "@supabase/postgrest-js": ["@supabase/postgrest-js@2.111.0", "https://europe-west4-npm.pkg.dev/lovable-core-prod/sandbox-npm-cache/@supabase/postgrest-js/-/postgrest-js-2.111.0.tgz", { "dependencies": { "tslib": "2.8.1" } }, "sha512-pcqeDsnWP0lx9GawduYxNZJHeuTm53O7L0SC8RF8tniV3GWIPY6me6OTdnwzdwNUmNy1dzUVtSyIfE6+OflzPQ=="],

    "@supabase/realtime-js": ["@supabase/realtime-js@2.111.0", "https://europe-west4-npm.pkg.dev/lovable-core-prod/sandbox-npm-cache/@supabase/realtime-js/-/realtime-js-2.111.0.tgz", { "dependencies": { "@supabase/phoenix": "0.4.5", "tslib": "2.8.1" } }, "sha512-6oRf/vZyRwg8f8GbFSJkrD2w4HAu/yTvyMViHXHS+H5hNJzdXCrUR7cP5oW7daT3YlRnzRPY9LcGSJKZAmfMSg=="],

    "@supabase/storage-js": ["@supabase/storage-js@2.111.0", "https://europe-west4-npm.pkg.dev/lovable-core-prod/sandbox-npm-cache/@supabase/storage-js/-/storage-js-2.111.0.tgz", { "dependencies": { "iceberg-js": "^0.8.1", "tslib": "2.8.1" } }, "sha512-UEViNmTzVOxE8dqUA81wls+n9xgmlvSFfhfwo6QxrO4kQOytCYyw3ciYFoi4XoD4Jl95NJ3jnndHN5iIudWzqw=="],

    "@supabase/supabase-js": ["@supabase/supabase-js@2.111.0", "https://europe-west4-npm.pkg.dev/lovable-core-prod/sandbox-npm-cache/@supabase/supabase-js/-/supabase-js-2.111.0.tgz", { "dependencies": { "@supabase/auth-js": "2.111.0", "@supabase/functions-js": "2.111.0", "@supabase/postgrest-js": "2.111.0", "@supabase/realtime-js": "2.111.0", "@supabase/storage-js": "2.111.0" } }, "sha512-9q0/AULthQnWeiDh1vGyjoJZbSY04bu6qHcWit70pqEYn5Kv/dkCPY62Ja1123jEnJbB9Vd2pjY7Kvk/lK3peA=="],

    "@tybys/wasm-util": ["@tybys/wasm-util@0.10.3", "https://europe-west4-npm.pkg.dev/lovable-core-prod/sandbox-npm-cache/@tybys/wasm-util/-/wasm-util-0.10.3.tgz", { "dependencies": { "tslib": "^2.4.0" } }, "sha512-F3fo1MYrRJYL3zER0OUOmkutjr1Vp23m7OsSgp7nq4SP6OqX6C/56XFIPAl5bt3zaBRjmW7SGz3u/6LwFpYcOg=="],

    "@types/d3-array": ["@types/d3-array@3.2.2", "", {}, "sha512-hOLWVbm7uRza0BYXpIIW5pxfrKe0W+D5lrFiAEYR+pb6w3N2SwSMaJbXdUfSEv+dT4MfHBLtn5js0LAWaO6otw=="],

    "@types/d3-color": ["@types/d3-color@3.1.3", "", {}, "sha512-iO90scth9WAbmgv7ogoq57O9YpKmFBbmoEoCHDB2xMBY0+/KVrqAaCDyCE16dUspeOvIxFFRI+0sEtqDqy2b4A=="],

    "@types/d3-ease": ["@types/d3-ease@3.0.2", "", {}, "sha512-NcV1JjO5oDzoK26oMzbILE6HW7uVXOHLQvHshBUW4UMdZGfiY6v5BeQwh9a9tCzv+CeefZQHJt5SRgK154RtiA=="],

    "@types/d3-interpolate": ["@types/d3-interpolate@3.0.4", "", { "dependencies": { "@types/d3-color": "*" } }, "sha512-mgLPETlrpVV1YRJIglr4Ez47g7Yxjl1lj7YKsiMCb27VJH9W8NVM6Bb9d8kkpG/uAQS5AmbA48q2IAolKKo1MA=="],

    "@types/d3-path": ["@types/d3-path@3.1.1", "", {}, "sha512-VMZBYyQvbGmWyWVea0EHs/BwLgxc+MKi1zLDCONksozI4YJMcTt8ZEuIR4Sb1MMTE8MMW49v0IwI5+b7RmfWlg=="],

    "@types/d3-scale": ["@types/d3-scale@4.0.9", "", { "dependencies": { "@types/d3-time": "*" } }, "sha512-dLmtwB8zkAeO/juAMfnV+sItKjlsw2lKdZVVy6LRr0cBmegxSABiLEpGVmSJJ8O08i4+sGR6qQtb6WtuwJdvVw=="],

    "@types/d3-shape": ["@types/d3-shape@3.1.8", "", { "dependencies": { "@types/d3-path": "*" } }, "sha512-lae0iWfcDeR7qt7rA88BNiqdvPS5pFVPpo5OfjElwNaT2yyekbM0C9vK+yqBqEmHr6lDkRnYNoTBYlAgJa7a4w=="],

    "@types/d3-time": ["@types/d3-time@3.0.4", "", {}, "sha512-yuzZug1nkAAaBlBBikKZTgzCeA+k1uy4ZFwWANOfKw5z5LRhV0gNA7gNkKm7HoK+HRN0wX3EkxGk0fpbWhmB7g=="],

    "@types/d3-timer": ["@types/d3-timer@3.0.2", "", {}, "sha512-Ps3T8E8dZDam6fUyNiMkekK3XUsaUEik+idO9/YjPtfj2qruF8tFBXS7XhtE4iIXBLxhmLjP3SXpLhVf21I9Lw=="],

    "@types/node": ["@types/node@24.13.3", "https://europe-west4-npm.pkg.dev/lovable-core-prod/sandbox-npm-cache/@types/node/-/node-24.13.3.tgz", { "dependencies": { "undici-types": "~7.18.0" } }, "sha512-Dh8vAsV36ig5wa9OX4pXvMc9D3Veibfw2wix0CUwYODLD8nkj9UsLjASr49nPg+2eKzxhBV+v7L8pXvT4e639Q=="],

    "@types/react": ["@types/react@19.2.17", "https://europe-west4-npm.pkg.dev/lovable-core-prod/sandbox-npm-cache/@types/react/-/react-19.2.17.tgz", { "dependencies": { "csstype": "^3.2.2" } }, "sha512-MXfmqaVPEVgkBT/aY0aGCkRWWtByiYQXo3xdQ8r5RzuFrPiRn8Gar2tQdXSUQ2GKV3bkXckek89V8wQBY2Q/Aw=="],

    "@types/react-dom": ["@types/react-dom@19.2.3", "", { "peerDependencies": { "@types/react": "^19.2.0" } }, "sha512-jp2L/eY6fn+KgVVQAOqYItbF0VY/YApe5Mz2F0aykSO8gx31bYCZyvSeYxCHKvzHG5eZjc+zyaS5BrBWya2+kQ=="],

    "@types/use-sync-external-store": ["@types/use-sync-external-store@0.0.6", "https://europe-west4-npm.pkg.dev/lovable-core-prod/sandbox-npm-cache/@types/use-sync-external-store/-/use-sync-external-store-0.0.6.tgz", {}, "sha512-zFDAD+tlpf2r4asuHEj0XH6pY6i0g5NeAHPn+15wk3BV6JA69eERFXC1gyGThDkVa1zCyKr5jox1+2LbV/AMLg=="],

    "@vitejs/plugin-react": ["@vitejs/plugin-react@6.0.5", "https://europe-west4-npm.pkg.dev/lovable-core-prod/sandbox-npm-cache/@vitejs/plugin-react/-/plugin-react-6.0.5.tgz", { "dependencies": { "@rolldown/pluginutils": "^1.0.1" }, "peerDependencies": { "@rolldown/plugin-babel": "^0.1.7 || ^0.2.0", "babel-plugin-react-compiler": "^1.0.0", "vite": "^8.0.0" }, "optionalPeers": ["@rolldown/plugin-babel", "babel-plugin-react-compiler"] }, "sha512-BOVzne/NL162sMdResB25mUv+vWMF5NoAjNf09TeGlE7ZpszZWSD3winycicLJw72yeVsoCn/2kOhEuCvEShMA=="],

    "clsx": ["clsx@2.1.1", "", {}, "sha512-eYm0QWBtUrBWZWG0d386OGAw16Z995PiOVo2B7bjWSbHedGl5e0ZWaq65kOGgUSNesEIDkB9ISbTg/JK9dhCZA=="],

    "csstype": ["csstype@3.2.3", "", {}, "sha512-z1HGKcYy2xA8AGQfwrn0PAy+PB7X/GSj3UVJW9qKyn43xWa+gl5nXmU4qqLMRzWVLFC8KusUX8T/0kCiOYpAIQ=="],

    "d3-array": ["d3-array@3.2.4", "", { "dependencies": { "internmap": "1 - 2" } }, "sha512-tdQAmyA18i4J7wprpYq8ClcxZy3SC31QMeByyCFyRt7BVHdREQZ5lpzoe5mFEYZUWe+oq8HBvk9JjpibyEV4Jg=="],

    "d3-color": ["d3-color@3.1.0", "", {}, "sha512-zg/chbXyeBtMQ1LbD/WSoW2DpC3I0mpmPdW+ynRTj/x2DAWYrIY7qeZIHidozwV24m4iavr15lNwIwLxRmOxhA=="],

    "d3-ease": ["d3-ease@3.0.1", "", {}, "sha512-wR/XK3D3XcLIZwpbvQwQ5fK+8Ykds1ip7A2Txe0yxncXSdq1L9skcG7blcedkOX+ZcgxGAmLX1FrRGbADwzi0w=="],

    "d3-format": ["d3-format@3.1.2", "", {}, "sha512-AJDdYOdnyRDV5b6ArilzCPPwc1ejkHcoyFarqlPqT7zRYjhavcT3uSrqcMvsgh2CgoPbK3RCwyHaVyxYcP2Arg=="],

    "d3-interpolate": ["d3-interpolate@3.0.1", "", { "dependencies": { "d3-color": "1 - 3" } }, "sha512-3bYs1rOD33uo8aqJfKP3JWPAibgw8Zm2+L9vBKEHJ2Rg+viTR7o5Mmv5mZcieN+FRYaAOWX5SJATX6k1PWz72g=="],

    "d3-path": ["d3-path@3.1.0", "", {}, "sha512-p3KP5HCf/bvjBSSKuXid6Zqijx7wIfNW+J/maPs+iwR35at5JCbLUT0LzF1cnjbCHWhqzQTIN2Jpe8pRebIEFQ=="],

    "d3-scale": ["d3-scale@4.0.2", "", { "dependencies": { "d3-array": "2.10.0 - 3", "d3-format": "1 - 3", "d3-interpolate": "1.2.0 - 3", "d3-time": "2.1.1 - 3", "d3-time-format": "2 - 4" } }, "sha512-GZW464g1SH7ag3Y7hXjf8RoUuAFIqklOAq3MRl4OaWabTFJY9PN/E1YklhXLh+OQ3fM9yS2nOkCoS+WLZ6kvxQ=="],

    "d3-shape": ["d3-shape@3.2.0", "", { "dependencies": { "d3-path": "^3.1.0" } }, "sha512-SaLBuwGm3MOViRq2ABk3eLoxwZELpH6zhl3FbAoJ7Vm1gofKx6El1Ib5z23NUEhF9AsGl7y+dzLe5Cw2AArGTA=="],

    "d3-time": ["d3-time@3.1.0", "", { "dependencies": { "d3-array": "2 - 3" } }, "sha512-VqKjzBLejbSMT4IgbmVgDjpkYrNWUYJnbCGo874u7MMKIWsILRX+OpX/gTk8MqjpT1A/c6HY2dCA77ZN0lkQ2Q=="],

    "d3-time-format": ["d3-time-format@4.1.0", "", { "dependencies": { "d3-time": "1 - 3" } }, "sha512-dJxPBlzC7NugB2PDLwo9Q8JiTR3M3e4/XANkreKSUxF8vvXKqm1Yfq4Q5dl8budlunRVlUUaDUgFt7eA8D6NLg=="],

    "d3-timer": ["d3-timer@3.0.1", "", {}, "sha512-ndfJ/JxxMd3nw31uyKoY2naivF+r29V+Lc0svZxe1JvvIRmi8hUsrMvdOwgS1o6uBHmiz91geQ0ylPP0aj1VUA=="],

    "date-fns": ["date-fns@4.4.0", "https://europe-west4-npm.pkg.dev/lovable-core-prod/sandbox-npm-cache/date-fns/-/date-fns-4.4.0.tgz", {}, "sha512-+1UMbeh68lH1SegH83CGWwpb6OHHbpSgr3+s5Eww5M4CAgswBpoWS0AjTOfEJ33HiYKz1hdj/KTFprzXHmq/6w=="],

    "decimal.js-light": ["decimal.js-light@2.5.1", "", {}, "sha512-qIMFpTMZmny+MMIitAB6D7iVPEorVw6YQRWkvarTkT4tBeSLLiHzcwj6q0MmYSFCiVpiqPJTJEYIrpcPzVEIvg=="],

    "detect-libc": ["detect-libc@2.1.2", "", {}, "sha512-Btj2BOOO83o3WyH59e8MgXsxEQVcarkUOpEYrubB0urwnN10yQ364rsiByU11nZlqWYZm05i/of7io4mzihBtQ=="],

    "es-toolkit": ["es-toolkit@1.50.0", "https://europe-west4-npm.pkg.dev/lovable-core-prod/sandbox-npm-cache/es-toolkit/-/es-toolkit-1.50.0.tgz", {}, "sha512-OyZKhUVvEep9ITEiwHn8GKnMRQIVqoSIX7WnRbkWgJkllCujilqP2rD0u979tkl8wqyc8ICwlc1UBVv/Sl1G6w=="],

    "eventemitter3": ["eventemitter3@5.0.4", "https://europe-west4-npm.pkg.dev/lovable-core-prod/sandbox-npm-cache/eventemitter3/-/eventemitter3-5.0.4.tgz", {}, "sha512-mlsTRyGaPBjPedk6Bvw+aqbsXDtoAyAzm5MO7JgU+yVRyMQ5O8bD4Kcci7BS85f93veegeCPkL8R4GLClnjLFw=="],

    "fdir": ["fdir@6.5.0", "", { "peerDependencies": { "picomatch": "^3 || ^4" }, "optionalPeers": ["picomatch"] }, "sha512-tIbYtZbucOs0BRGqPJkshJUYdL+SDH7dVM8gjy+ERp3WAUjLEFJE+02kanyHtwjWOnwrKYBiwAmM0p4kLJAnXg=="],

    "fsevents": ["fsevents@2.3.3", "", { "os": "darwin" }, "sha512-5xoDfX+fL7faATnagmWPpbFtwh/R77WmMMqqHGS65C3vvB0YHrgF+B1YmZ3441tMj5n63k0212XNoJwzlhffQw=="],

    "iceberg-js": ["iceberg-js@0.8.1", "https://europe-west1-npm.pkg.dev/lovable-core-prod/sandbox-npm-cache/iceberg-js/-/iceberg-js-0.8.1.tgz", {}, "sha512-1dhVQZXhcHje7798IVM+xoo/1ZdVfzOMIc8/rgVSijRK38EDqOJoGula9N/8ZI5RD8QTxNQtK/Gozpr+qUqRRA=="],

    "immer": ["immer@11.1.15", "https://europe-west4-npm.pkg.dev/lovable-core-prod/sandbox-npm-cache/immer/-/immer-11.1.15.tgz", {}, "sha512-VrNANlmnWQnh5COXIIOQXM9oOJw7naGKlBT74ZOOR6lpVXc3gFEu9FJLDFcpCJ2j+NWr8TIwtWD//T6ZX6TKiQ=="],

    "internmap": ["internmap@2.0.3", "", {}, "sha512-5Hh7Y1wQbvY5ooGgPbDaL5iYLAPzMTUrjMulskHLH6wnv/A+1q5rgEaiuqEjB+oxGXIVZs1FF+R/KPN3ZSQYYg=="],

    "lightningcss": ["lightningcss@1.33.0", "https://europe-west4-npm.pkg.dev/lovable-core-prod/sandbox-npm-cache/lightningcss/-/lightningcss-1.33.0.tgz", { "dependencies": { "detect-libc": "^2.0.3" }, "optionalDependencies": { "lightningcss-android-arm64": "1.33.0", "lightningcss-darwin-arm64": "1.33.0", "lightningcss-darwin-x64": "1.33.0", "lightningcss-freebsd-x64": "1.33.0", "lightningcss-linux-arm-gnueabihf": "1.33.0", "lightningcss-linux-arm64-gnu": "1.33.0", "lightningcss-linux-arm64-musl": "1.33.0", "lightningcss-linux-x64-gnu": "1.33.0", "lightningcss-linux-x64-musl": "1.33.0", "lightningcss-win32-arm64-msvc": "1.33.0", "lightningcss-win32-x64-msvc": "1.33.0" } }, "sha512-WkUDrojuJs0xkgGf2udWxa3yGBRxPtxUkB79i6aCZLRgc7PM8fZe9TosfPDcvEpQZbuFASnHYmRLBLUbmLOIIA=="],

    "lightningcss-android-arm64": ["lightningcss-android-arm64@1.33.0", "https://europe-west4-npm.pkg.dev/lovable-core-prod/sandbox-npm-cache/lightningcss-android-arm64/-/lightningcss-android-arm64-1.33.0.tgz", { "os": "android", "cpu": "arm64" }, "sha512-gEpRTalKdosp4Bb8qWtc2iOgE5SeIHlpS1up9bFq2wAyYhl1UdTObYiHe98zEM9SQvSoqQZ1IQD0JNpg3Ml5pg=="],

    "lightningcss-darwin-arm64": ["lightningcss-darwin-arm64@1.33.0", "https://europe-west4-npm.pkg.dev/lovable-core-prod/sandbox-npm-cache/lightningcss-darwin-arm64/-/lightningcss-darwin-arm64-1.33.0.tgz", { "os": "darwin", "cpu": "arm64" }, "sha512-Sciaz8eenNTKn9b3t7+xr0ipTp9YxKQY4npwQ3mrRuL0BAVHBLyZxofhaKBAVtzmtRZ/zTyo0/to4B1uWG/Djg=="],

    "lightningcss-darwin-x64": ["lightningcss-darwin-x64@1.33.0", "https://europe-west4-npm.pkg.dev/lovable-core-prod/sandbox-npm-cache/lightningcss-darwin-x64/-/lightningcss-darwin-x64-1.33.0.tgz", { "os": "darwin", "cpu": "x64" }, "sha512-Z5UPAxzrjlWNNyGy6i65cJzzvgJ5D3T6wMvs+gWpY9d7qRhANrxqAp6LhxIgZhWEw18RfJTGcRxjuLIBr+m8XQ=="],

    "lightningcss-freebsd-x64": ["lightningcss-freebsd-x64@1.33.0", "https://europe-west4-npm.pkg.dev/lovable-core-prod/sandbox-npm-cache/lightningcss-freebsd-x64/-/lightningcss-freebsd-x64-1.33.0.tgz", { "os": "freebsd", "cpu": "x64" }, "sha512-QQM/Ti/hQajJwCY+RiWuCZ9sdtI/XQk7nDK5vC8kkdwixezOlDgvDx7+RT+QjK6FcFT4MpsuoBnHIo/O3StRRg=="],

    "lightningcss-linux-arm-gnueabihf": ["lightningcss-linux-arm-gnueabihf@1.33.0", "https://europe-west4-npm.pkg.dev/lovable-core-prod/sandbox-npm-cache/lightningcss-linux-arm-gnueabihf/-/lightningcss-linux-arm-gnueabihf-1.33.0.tgz", { "os": "linux", "cpu": "arm" }, "sha512-N7FVBe6iS24MlM6R/4RBTxGhQheZGs7tiQ9U32UtF75NzP5Q7xWPRqLBCKxlRQRk3rY1jCIPLzx7WzOhuUIRLQ=="],

    "lightningcss-linux-arm64-gnu": ["lightningcss-linux-arm64-gnu@1.33.0", "https://europe-west4-npm.pkg.dev/lovable-core-prod/sandbox-npm-cache/lightningcss-linux-arm64-gnu/-/lightningcss-linux-arm64-gnu-1.33.0.tgz", { "os": "linux", "cpu": "arm64" }, "sha512-j2v/itmy4HlNxlc6voKXYgBqNi0Ng2LShg4z7GufpEgs05P+2suBVyi9I6YHq5uoVFx9ETin3eCEhLVyXGQnKg=="],

    "lightningcss-linux-arm64-musl": ["lightningcss-linux-arm64-musl@1.33.0", "https://europe-west4-npm.pkg.dev/lovable-core-prod/sandbox-npm-cache/lightningcss-linux-arm64-musl/-/lightningcss-linux-arm64-musl-1.33.0.tgz", { "os": "linux", "cpu": "arm64" }, "sha512-yiO5ROMuYQgXbC60yjZU5CYSFZGKXL0HFATXt9mHJn1+zW55oCtMI9NfcVhYLMFDL7gV7oBPon/EmMMGg2OvtQ=="],

    "lightningcss-linux-x64-gnu": ["lightningcss-linux-x64-gnu@1.33.0", "https://europe-west4-npm.pkg.dev/lovable-core-prod/sandbox-npm-cache/lightningcss-linux-x64-gnu/-/lightningcss-linux-x64-gnu-1.33.0.tgz", { "os": "linux", "cpu": "x64" }, "sha512-ar+Ju7LmcN0Jo4FpL4hpFybwNG9/3A/Br5KW2n2jyODg3MEZXaDYADdemoNS+BDNfMgKvylJLj4S5tyRActuAg=="],

    "lightningcss-linux-x64-musl": ["lightningcss-linux-x64-musl@1.33.0", "https://europe-west4-npm.pkg.dev/lovable-core-prod/sandbox-npm-cache/lightningcss-linux-x64-musl/-/lightningcss-linux-x64-musl-1.33.0.tgz", { "os": "linux", "cpu": "x64" }, "sha512-RYiYbkokw0trfKqqzfF55lginwEPrD3OJDfTuJzFs1MK6iFnDenaz1fqLLtX4ITG3OktJQXOeTaw1awrBAlZPw=="],

    "lightningcss-win32-arm64-msvc": ["lightningcss-win32-arm64-msvc@1.33.0", "https://europe-west4-npm.pkg.dev/lovable-core-prod/sandbox-npm-cache/lightningcss-win32-arm64-msvc/-/lightningcss-win32-arm64-msvc-1.33.0.tgz", { "os": "win32", "cpu": "arm64" }, "sha512-1K+MPfLSFVpphzpdbfkhlWk6wBrTObBzS2T6db10PNOZgR9GoVsAWzwNyuhUYYbTp23j+4RrncfujZ4uAzXvwA=="],

    "lightningcss-win32-x64-msvc": ["lightningcss-win32-x64-msvc@1.33.0", "https://europe-west4-npm.pkg.dev/lovable-core-prod/sandbox-npm-cache/lightningcss-win32-x64-msvc/-/lightningcss-win32-x64-msvc-1.33.0.tgz", { "os": "win32", "cpu": "x64" }, "sha512-OlEICDx/Xl0FqSp4bry8zFnCvGpig3Gl4gCquvYwHuqJKEC1+n9NgDniFvqHGmMv1ZkqDJrDqKKSykTDX+ehuA=="],

    "lucide-react": ["lucide-react@1.28.0", "https://europe-west4-npm.pkg.dev/lovable-core-prod/sandbox-npm-cache/lucide-react/-/lucide-react-1.28.0.tgz", { "peerDependencies": { "react": "^16.5.1 || ^17.0.0 || ^18.0.0 || ^19.0.0" } }, "sha512-fARAFJULsGuDDydjp6+6blekG/sBIM29TerzLjc9bQUKAcEfrSc4ZQKb25KRz4OMKd87cZTb5dgq0w/T6KufVg=="],

    "nanoid": ["nanoid@3.3.16", "https://europe-west4-npm.pkg.dev/lovable-core-prod/sandbox-npm-cache/nanoid/-/nanoid-3.3.16.tgz", { "bin": { "nanoid": "bin/nanoid.cjs" } }, "sha512-bzlKTyNJ7+LdGIIwy8ijFpIqEQIvafahV7eYykJ8Cvh42EdJeODoJ6gUJXpQJvej1BddH8OqTXZNE/KfbWAu8Q=="],

    "oxlint": ["oxlint@1.76.0", "https://europe-west4-npm.pkg.dev/lovable-core-prod/sandbox-npm-cache/oxlint/-/oxlint-1.76.0.tgz", { "optionalDependencies": { "@oxlint/binding-android-arm-eabi": "1.76.0", "@oxlint/binding-android-arm64": "1.76.0", "@oxlint/binding-darwin-arm64": "1.76.0", "@oxlint/binding-darwin-x64": "1.76.0", "@oxlint/binding-freebsd-x64": "1.76.0", "@oxlint/binding-linux-arm-gnueabihf": "1.76.0", "@oxlint/binding-linux-arm-musleabihf": "1.76.0", "@oxlint/binding-linux-arm64-gnu": "1.76.0", "@oxlint/binding-linux-arm64-musl": "1.76.0", "@oxlint/binding-linux-ppc64-gnu": "1.76.0", "@oxlint/binding-linux-riscv64-gnu": "1.76.0", "@oxlint/binding-linux-riscv64-musl": "1.76.0", "@oxlint/binding-linux-s390x-gnu": "1.76.0", "@oxlint/binding-linux-x64-gnu": "1.76.0", "@oxlint/binding-linux-x64-musl": "1.76.0", "@oxlint/binding-openharmony-arm64": "1.76.0", "@oxlint/binding-win32-arm64-msvc": "1.76.0", "@oxlint/binding-win32-ia32-msvc": "1.76.0", "@oxlint/binding-win32-x64-msvc": "1.76.0" }, "peerDependencies": { "oxlint-tsgolint": ">=7.0.2001", "vite-plus": "*" }, "optionalPeers": ["oxlint-tsgolint", "vite-plus"], "bin": { "oxlint": "bin/oxlint" } }, "sha512-6QoFioEU4fNdiUx/2Eo6TRd6NG7H7njnRCz8rhB66cZmMHDTqcm1Rjvl8Wry+ZTQMBAmyb4Mlf62Mk5X+eHSOw=="],

    "picocolors": ["picocolors@1.1.1", "", {}, "sha512-xceH2snhtb5M9liqDsmEw56le376mTZkEX/jEb/RxNFyegNul7eNslCXP9FDj/Lcu0X8KEyMceP2ntpaHrDEVA=="],

    "picomatch": ["picomatch@4.0.5", "https://europe-west4-npm.pkg.dev/lovable-core-prod/sandbox-npm-cache/picomatch/-/picomatch-4.0.5.tgz", {}, "sha512-RvwwcruNjI1ncT5xRakeyS9Lf8lcItv34KD+aif+VH9kduAyfYBipGh12274xtenIPZ119/R9BdTBa8gAwSh0A=="],

    "postcss": ["postcss@8.5.25", "https://europe-west4-npm.pkg.dev/lovable-core-prod/sandbox-npm-cache/postcss/-/postcss-8.5.25.tgz", { "dependencies": { "nanoid": "^3.3.16", "picocolors": "^1.1.1", "source-map-js": "^1.2.1" } }, "sha512-DTPx3RWSSnWyzLxQnlH0rJP+EW5ekl16ZU4/psbIhA0e53kJfdgaN5vKM+xP7yJtXVu+nfdVFmlgFDEKAe4Pyw=="],

    "react": ["react@19.2.8", "https://europe-west4-npm.pkg.dev/lovable-core-prod/sandbox-npm-cache/react/-/react-19.2.8.tgz", {}, "sha512-PWaYA1L/q9u2u7xYQi+Y3L3Yfnie7XyLeaJICV1MGD6LprsBxcAqGjYyr0eY3p+QdsA+x/Irkt4Qif8D63+Sbw=="],

    "react-dom": ["react-dom@19.2.8", "https://europe-west4-npm.pkg.dev/lovable-core-prod/sandbox-npm-cache/react-dom/-/react-dom-19.2.8.tgz", { "dependencies": { "scheduler": "^0.27.0" }, "peerDependencies": { "react": "^19.2.8" } }, "sha512-rVprimfGBG3DR+Tq0IQG2DT5PxKth1WIGDmj5yPmlzr4YBe7uyE+Du4oVqTDXZSHGGGXRtTJEGSSePyQCMBglQ=="],

    "react-is": ["react-is@18.3.1", "", {}, "sha512-/LLMVyas0ljjAtoYiPqYiL8VWXzUUdThrmU5+n20DZv+a+ClRoevUzw5JxU+Ieh5/c87ytoTBV9G1FiKfNJdmg=="],

    "react-redux": ["react-redux@9.3.0", "https://europe-west4-npm.pkg.dev/lovable-core-prod/sandbox-npm-cache/react-redux/-/react-redux-9.3.0.tgz", { "dependencies": { "@types/use-sync-external-store": "^0.0.6", "use-sync-external-store": "^1.4.0" }, "peerDependencies": { "@types/react": "^18.2.25 || ^19", "react": "^18.0 || ^19", "redux": "^5.0.0" }, "optionalPeers": ["@types/react", "redux"] }, "sha512-KQopgqFo/p/fgmAs5qz6p5RWaNAzq40WAu7fJIXnQpYxFPbJYtsJPWvGeF2rOBaY/kEuV77AVsX8TsQzKm+A/g=="],

    "recharts": ["recharts@3.10.1", "https://europe-west4-npm.pkg.dev/lovable-core-prod/sandbox-npm-cache/recharts/-/recharts-3.10.1.tgz", { "dependencies": { "@reduxjs/toolkit": "^1.9.0 || 2.x.x", "clsx": "^2.1.1", "decimal.js-light": "^2.5.1", "es-toolkit": "^1.39.3", "eventemitter3": "^5.0.1", "immer": "^11.1.8", "react-redux": "8.x.x || 9.x.x", "reselect": "5.2.0", "tiny-invariant": "^1.3.3", "use-sync-external-store": "^1.2.2", "victory-vendor": "^37.0.2" }, "peerDependencies": { "react": "^16.8.0 || ^17.0.0 || ^18.0.0 || ^19.0.0", "react-dom": "^16.0.0 || ^17.0.0 || ^18.0.0 || ^19.0.0", "react-is": "^16.8.0 || ^17.0.0 || ^18.0.0 || ^19.0.0" } }, "sha512-QXFrvt6IVcw7eeZCoyXTwkIJAX3Dv1nyVhMicXJ47GsGDDpcN8z6o644DibE9XjpBTThtsomLKnTV6lc+cVFUA=="],

    "redux": ["redux@5.0.1", "https://europe-west4-npm.pkg.dev/lovable-core-prod/sandbox-npm-cache/redux/-/redux-5.0.1.tgz", {}, "sha512-M9/ELqF6fy8FwmkpnF0S3YKOqMyoWJ4+CS5Efg2ct3oY9daQvd/Pc71FpGZsVsbl3Cpb+IIcjBDUnnyBdQbq4w=="],

    "redux-thunk": ["redux-thunk@3.1.0", "https://europe-west4-npm.pkg.dev/lovable-core-prod/sandbox-npm-cache/redux-thunk/-/redux-thunk-3.1.0.tgz", { "peerDependencies": { "redux": "^5.0.0" } }, "sha512-NW2r5T6ksUKXCabzhL9z+h206HQw/NJkcLm1GPImRQ8IzfXwRGqjVhKJGauHirT0DAuyy6hjdnMZaRoAcy0Klw=="],

    "reselect": ["reselect@5.2.0", "https://europe-west4-npm.pkg.dev/lovable-core-prod/sandbox-npm-cache/reselect/-/reselect-5.2.0.tgz", {}, "sha512-AgZ3UOZm3YndfrJ4OYjgrT7bmCm/1iqkjvEfH/oYjzh6PD2qw4QuT3jjnXIrpdt4MTpMXclMT3lXbmRY+XRakw=="],

    "rolldown": ["rolldown@1.2.1", "https://europe-west4-npm.pkg.dev/lovable-core-prod/sandbox-npm-cache/rolldown/-/rolldown-1.2.1.tgz", { "dependencies": { "@oxc-project/types": "=0.142.0", "@rolldown/pluginutils": "^1.0.0" }, "optionalDependencies": { "@rolldown/binding-android-arm64": "1.2.1", "@rolldown/binding-darwin-arm64": "1.2.1", "@rolldown/binding-darwin-x64": "1.2.1", "@rolldown/binding-freebsd-x64": "1.2.1", "@rolldown/binding-linux-arm-gnueabihf": "1.2.1", "@rolldown/binding-linux-arm64-gnu": "1.2.1", "@rolldown/binding-linux-arm64-musl": "1.2.1", "@rolldown/binding-linux-ppc64-gnu": "1.2.1", "@rolldown/binding-linux-s390x-gnu": "1.2.1", "@rolldown/binding-linux-x64-gnu": "1.2.1", "@rolldown/binding-linux-x64-musl": "1.2.1", "@rolldown/binding-openharmony-arm64": "1.2.1", "@rolldown/binding-wasm32-wasi": "1.2.1", "@rolldown/binding-win32-arm64-msvc": "1.2.1", "@rolldown/binding-win32-x64-msvc": "1.2.1" }, "bin": { "rolldown": "./bin/cli.mjs" } }, "sha512-4FKJhg8d3OiyQOA6Q1Q0hoFFpW9/OoX+VsHzpECsdsIZoOArrAK90gl59YK/Z+gnDel45bgJZK03ozH/9bCqEw=="],

    "scheduler": ["scheduler@0.27.0", "", {}, "sha512-eNv+WrVbKu1f3vbYJT/xtiF5syA5HPIMtf9IgY/nKg0sWqzAUEvqY/xm7OcZc/qafLx/iO9FgOmeSAp4v5ti/Q=="],

    "source-map-js": ["source-map-js@1.2.1", "", {}, "sha512-UXWMKhLOwVKb728IUtQPXxfYU+usdybtUrK/8uGE8CQMvrhOpwvzDBwj0QhSL7MQc7vIsISBG8VQ8+IDQxpfQA=="],

    "tiny-invariant": ["tiny-invariant@1.3.3", "", {}, "sha512-+FbBPE1o9QAYvviau/qC5SE3caw21q3xkvWKBtja5vgqOWIHHJ3ioaq1VPfn/Szqctz2bU/oYeKd9/z5BL+PVg=="],

    "tinyglobby": ["tinyglobby@0.2.17", "", { "dependencies": { "fdir": "^6.5.0", "picomatch": "^4.0.4" } }, "sha512-wXR/dYpcqKmfWpEdZjiKJOwCNFndD0DMnrW/cYjVGttEkBfVgcLFHoNrlj47mjOVic9yyNu65alsgF4NQyTa2g=="],

    "tslib": ["tslib@2.8.1", "", {}, "sha512-oJFu94HQb+KVduSUQL7wnpmqnfmLsOA/nAh6b6EH0wCEoK0/mPeXU6c3wKDV83MkOuHPRHtSXKKU99IBazS/2w=="],

    "typescript": ["typescript@6.0.3", "https://europe-west4-npm.pkg.dev/lovable-core-prod/sandbox-npm-cache/typescript/-/typescript-6.0.3.tgz", { "bin": { "tsc": "bin/tsc", "tsserver": "bin/tsserver" } }, "sha512-y2TvuxSZPDyQakkFRPZHKFm+KKVqIisdg9/CZwm9ftvKXLP8NRWj38/ODjNbr43SsoXqNuAisEf1GdCxqWcdBw=="],

    "undici-types": ["undici-types@7.18.2", "https://europe-west4-npm.pkg.dev/lovable-core-prod/sandbox-npm-cache/undici-types/-/undici-types-7.18.2.tgz", {}, "sha512-AsuCzffGHJybSaRrmr5eHr81mwJU3kjw6M+uprWvCXiNeN9SOGwQ3Jn8jb8m3Z6izVgknn1R0FTCEAP2QrLY/w=="],

    "use-sync-external-store": ["use-sync-external-store@1.6.0", "", { "peerDependencies": { "react": "^16.8.0 || ^17.0.0 || ^18.0.0 || ^19.0.0" } }, "sha512-Pp6GSwGP/NrPIrxVFAIkOQeyw8lFenOHijQWkUTrDvrF4ALqylP2C/KCkeS9dpUM3KvYRQhna5vt7IL95+ZQ9w=="],

    "victory-vendor": ["victory-vendor@37.3.6", "https://europe-west4-npm.pkg.dev/lovable-core-prod/sandbox-npm-cache/victory-vendor/-/victory-vendor-37.3.6.tgz", { "dependencies": { "@types/d3-array": "^3.0.3", "@types/d3-ease": "^3.0.0", "@types/d3-interpolate": "^3.0.1", "@types/d3-scale": "^4.0.2", "@types/d3-shape": "^3.1.0", "@types/d3-time": "^3.0.0", "@types/d3-timer": "^3.0.0", "d3-array": "^3.1.6", "d3-ease": "^3.0.1", "d3-interpolate": "^3.0.1", "d3-scale": "^4.0.2", "d3-shape": "^3.1.0", "d3-time": "^3.0.0", "d3-timer": "^3.0.1" } }, "sha512-SbPDPdDBYp+5MJHhBCAyI7wKM3d5ivekigc2Dk2s7pgbZ9wIgIBYGVw4zGHBml/qTFbexrofXW6Gu4noGxrOwQ=="],

    "vite": ["vite@8.2.0", "https://europe-west4-npm.pkg.dev/lovable-core-prod/sandbox-npm-cache/vite/-/vite-8.2.0.tgz", { "dependencies": { "lightningcss": "^1.33.0", "picomatch": "^4.0.5", "postcss": "^8.5.23", "rolldown": "~1.2.0", "tinyglobby": "^0.2.17" }, "optionalDependencies": { "fsevents": "~2.3.3" }, "peerDependencies": { "@types/node": "^20.19.0 || >=22.12.0", "@vitejs/devtools": "^0.4.0", "esbuild": "^0.27.0 || ^0.28.0", "jiti": ">=1.21.0", "less": "^4.0.0", "sass": "^1.70.0", "sass-embedded": "^1.70.0", "stylus": ">=0.54.8", "sugarss": "^5.0.0", "terser": "^5.16.0", "tsx": "^4.8.1", "yaml": "^2.4.2" }, "optionalPeers": ["@types/node", "@vitejs/devtools", "esbuild", "jiti", "less", "sass", "sass-embedded", "stylus", "sugarss", "terser", "tsx", "yaml"], "bin": { "vite": "bin/vite.js" } }, "sha512-pn+CFpM0lwDeKwmOq1ZaBK/9sjorZcgqxki6MbY/jPEVd9vichIlmlD4HmQ5wdP5EgqQCFRaACBxMC7uEGc6lQ=="],

    "tinyglobby/picomatch": ["picomatch@4.0.4", "", {}, "sha512-QP88BAKvMam/3NxH6vj2o21R6MjxZUAd6nlwAS/pnGvN9IVLocLHxGYIzFhg6fUQ+5th6P4dv4eW9jX3DSIj7A=="],
  }
}
